
Microsoft Visual Studio Solution File, Format Version 11.00
# Visual C# Express 2010
Project("{FAE04EC0-301F-11D3-BF4B-00C04F79EFBC}") = "ChapterTwoProblems", "ChapterTwoProblems\ChapterTwoProblems.csproj", "{DE3EC8A4-C58C-4AE6-9ABB-D601A47A980D}"
EndProject
Project("{FAE04EC0-301F-11D3-BF4B-00C04F79EFBC}") = "Room", "Room\Room.csproj", "{D3CB14EF-D19A-4476-8BFC-46D700563E8E}"
EndProject
Project("{FAE04EC0-301F-11D3-BF4B-00C04F79EFBC}") = "Carpet", "Carpet\Carpet.csproj", "{B8B830A7-F871-46C0-8356-6944B6C22DBD}"
EndProject
Project("{FAE04EC0-301F-11D3-BF4B-00C04F79EFBC}") = "HoursAndMinutes", "HoursAndMinutes\HoursAndMinutes.csproj", "{8DA3AFE5-39BD-4F2B-BCF0-2363DF597AA8}"
EndProject
Project("{FAE04EC0-301F-11D3-BF4B-00C04F79EFBC}") = "Egg", "Egg\Egg.csproj", "{5C7F7181-4F2C-43C8-9950-3400CD340F0E}"
EndProject
Project("{FAE04EC0-301F-11D3-BF4B-00C04F79EFBC}") = "Payroll", "Payroll\Payroll.csproj", "{6B5A5C0F-D4E2-4C93-8E91-C3A9865A7BA5}"
EndProject
Global
	GlobalSection(SolutionConfigurationPlatforms) = preSolution
		Debug|x86 = Debug|x86
		Release|x86 = Release|x86
	EndGlobalSection
	GlobalSection(ProjectConfigurationPlatforms) = postSolution
		{DE3EC8A4-C58C-4AE6-9ABB-D601A47A980D}.Debug|x86.ActiveCfg = Debug|x86
		{DE3EC8A4-C58C-4AE6-9ABB-D601A47A980D}.Debug|x86.Build.0 = Debug|x86
		{DE3EC8A4-C58C-4AE6-9ABB-D601A47A980D}.Release|x86.ActiveCfg = Release|x86
		{DE3EC8A4-C58C-4AE6-9ABB-D601A47A980D}.Release|x86.Build.0 = Release|x86
		{D3CB14EF-D19A-4476-8BFC-46D700563E8E}.Debug|x86.ActiveCfg = Debug|x86
		{D3CB14EF-D19A-4476-8BFC-46D700563E8E}.Debug|x86.Build.0 = Debug|x86
		{D3CB14EF-D19A-4476-8BFC-46D700563E8E}.Release|x86.ActiveCfg = Release|x86
		{D3CB14EF-D19A-4476-8BFC-46D700563E8E}.Release|x86.Build.0 = Release|x86
		{B8B830A7-F871-46C0-8356-6944B6C22DBD}.Debug|x86.ActiveCfg = Debug|x86
		{B8B830A7-F871-46C0-8356-6944B6C22DBD}.Debug|x86.Build.0 = Debug|x86
		{B8B830A7-F871-46C0-8356-6944B6C22DBD}.Release|x86.ActiveCfg = Release|x86
		{B8B830A7-F871-46C0-8356-6944B6C22DBD}.Release|x86.Build.0 = Release|x86
		{8DA3AFE5-39BD-4F2B-BCF0-2363DF597AA8}.Debug|x86.ActiveCfg = Debug|x86
		{8DA3AFE5-39BD-4F2B-BCF0-2363DF597AA8}.Debug|x86.Build.0 = Debug|x86
		{8DA3AFE5-39BD-4F2B-BCF0-2363DF597AA8}.Release|x86.ActiveCfg = Release|x86
		{8DA3AFE5-39BD-4F2B-BCF0-2363DF597AA8}.Release|x86.Build.0 = Release|x86
		{5C7F7181-4F2C-43C8-9950-3400CD340F0E}.Debug|x86.ActiveCfg = Debug|x86
		{5C7F7181-4F2C-43C8-9950-3400CD340F0E}.Debug|x86.Build.0 = Debug|x86
		{5C7F7181-4F2C-43C8-9950-3400CD340F0E}.Release|x86.ActiveCfg = Release|x86
		{5C7F7181-4F2C-43C8-9950-3400CD340F0E}.Release|x86.Build.0 = Release|x86
		{6B5A5C0F-D4E2-4C93-8E91-C3A9865A7BA5}.Debug|x86.ActiveCfg = Debug|x86
		{6B5A5C0F-D4E2-4C93-8E91-C3A9865A7BA5}.Debug|x86.Build.0 = Debug|x86
		{6B5A5C0F-D4E2-4C93-8E91-C3A9865A7BA5}.Release|x86.ActiveCfg = Release|x86
		{6B5A5C0F-D4E2-4C93-8E91-C3A9865A7BA5}.Release|x86.Build.0 = Release|x86
	EndGlobalSection
	GlobalSection(SolutionProperties) = preSolution
		HideSolutionNode = FALSE
	EndGlobalSection
EndGlobal
